// !$*UTF8*$!
{
	archiveVersion = 1;
	classes = {
	};
	objectVersion = 46;
	objects = {

/* Begin PBXBuildFile section */
		1E39CAC51CAA62C800041AE6 /* success.mp3 in Resources */ = {isa = PBXBuildFile; fileRef = 1E39CAC11CAA62C800041AE6 /* success.mp3 */; };
		1E39CAC61CAA62C800041AE6 /* clock.mp3 in Resources */ = {isa = PBXBuildFile; fileRef = 1E39CAC21CAA62C800041AE6 /* clock.mp3 */; };
		1E39CAC71CAA62C800041AE6 /* GO.mp3 in Resources */ = {isa = PBXBuildFile; fileRef = 1E39CAC31CAA62C800041AE6 /* GO.mp3 */; };
		1E39CAC81CAA62C800041AE6 /* BGMusic.mp3 in Resources */ = {isa = PBXBuildFile; fileRef = 1E39CAC41CAA62C800041AE6 /* BGMusic.mp3 */; };
		1E39CACA1CAA633200041AE6 /* lose.mp3 in Resources */ = {isa = PBXBuildFile; fileRef = 1E39CAC91CAA633200041AE6 /* lose.mp3 */; };
		1E533ACD1CA4E7BB00FE2500 /* AppDelegate.swift in Sources */ = {isa = PBXBuildFile; fileRef = 1E533ACC1CA4E7BB00FE2500 /* AppDelegate.swift */; };
		1E533ACF1CA4E7BB00FE2500 /* ViewController.swift in Sources */ = {isa = PBXBuildFile; fileRef = 1E533ACE1CA4E7BB00FE2500 /* ViewController.swift */; };
		1E533AD21CA4E7BB00FE2500 /* Main.storyboard in Resources */ = {isa = PBXBuildFile; fileRef = 1E533AD01CA4E7BB00FE2500 /* Main.storyboard */; };
		1E533AD41CA4E7BB00FE2500 /* Assets.xcassets in Resources */ = {isa = PBXBuildFile; fileRef = 1E533AD31CA4E7BB00FE2500 /* Assets.xcassets */; };
		1E533AD71CA4E7BB00FE2500 /* LaunchScreen.storyboard in Resources */ = {isa = PBXBuildFile; fileRef = 1E533AD51CA4E7BB00FE2500 /* LaunchScreen.storyboard */; };
		1E533AE21CA4E7BB00FE2500 /* gameTestTests.swift in Sources */ = {isa = PBXBuildFile; fileRef = 1E533AE11CA4E7BB00FE2500 /* gameTestTests.swift */; };
		1E533AED1CA4E7BB00FE2500 /* gameTestUITests.swift in Sources */ = {isa = PBXBuildFile; fileRef = 1E533AEC1CA4E7BB00FE2500 /* gameTestUITests.swift */; };
		1EE4EB621CA92983006A81BD /* error.mp3 in Resources */ = {isa = PBXBuildFile; fileRef = 1EE4EB5F1CA92983006A81BD /* error.mp3 */; };
		1EE4EB631CA92983006A81BD /* remove.mp3 in Resources */ = {isa = PBXBuildFile; fileRef = 1EE4EB601CA92983006A81BD /* remove.mp3 */; };
		1EE4EB641CA92983006A81BD /* touch.mp3 in Resources */ = {isa = PBXBuildFile; fileRef = 1EE4EB611CA92983006A81BD /* touch.mp3 */; };
/* End PBXBuildFile section */

/* Begin PBXContainerItemProxy section */
		1E533ADE1CA4E7BB00FE2500 /* PBXContainerItemProxy */ = {
			isa = PBXContainerItemProxy;
			containerPortal = 1E533AC11CA4E7BA00FE2500 /* Project object */;
			proxyType = 1;
			remoteGlobalIDString = 1E533AC81CA4E7BA00FE2500;
			remoteInfo = gameTest;
		};
		1E533AE91CA4E7BB00FE2500 /* PBXContainerItemProxy */ = {
			isa = PBXContainerItemProxy;
			containerPortal = 1E533AC11CA4E7BA00FE2500 /* Project object */;
			proxyType = 1;
			remoteGlobalIDString = 1E533AC81CA4E7BA00FE2500;
			remoteInfo = gameTest;
		};
/* End PBXContainerItemProxy section */

/* Begin PBXFileReference section */
		1E39CAC11CAA62C800041AE6 /* success.mp3 */ = {isa = PBXFileReference; lastKnownFileType = audio.mp3; path = success.mp3; sourceTree = "<group>"; };
		1E39CAC21CAA62C800041AE6 /* clock.mp3 */ = {isa = PBXFileReference; lastKnownFileType = audio.mp3; path = clock.mp3; sourceTree = "<group>"; };
		1E39CAC31CAA62C800041AE6 /* GO.mp3 */ = {isa = PBXFileReference; lastKnownFileType = audio.mp3; path = GO.mp3; sourceTree = "<group>"; };
		1E39CAC41CAA62C800041AE6 /* BGMusic.mp3 */ = {isa = PBXFileReference; lastKnownFileType = audio.mp3; path = BGMusic.mp3; sourceTree = "<group>"; };
		1E39CAC91CAA633200041AE6 /* lose.mp3 */ = {isa = PBXFileReference; lastKnownFileType = audio.mp3; path = lose.mp3; sourceTree = "<group>"; };
		1E533AC91CA4E7BA00FE2500 /* gameTest.app */ = {isa = PBXFileReference; explicitFileType = wrapper.application; includeInIndex = 0; path = gameTest.app; sourceTree = BUILT_PRODUCTS_DIR; };
		1E533ACC1CA4E7BB00FE2500 /* AppDelegate.swift */ = {isa = PBXFileReference; lastKnownFileType = sourcecode.swift; path = AppDelegate.swift; sourceTree = "<group>"; };
		1E533ACE1CA4E7BB00FE2500 /* ViewController.swift */ = {isa = PBXFileReference; lastKnownFileType = sourcecode.swift; path = ViewController.swift; sourceTree = "<group>"; };
		1E533AD11CA4E7BB00FE2500 /* Base */ = {isa = PBXFileReference; lastKnownFileType = file.storyboard; name = Base; path = Base.lproj/Main.storyboard; sourceTree = "<group>"; };
		1E533AD31CA4E7BB00FE2500 /* Assets.xcassets */ = {isa = PBXFileReference; lastKnownFileType = folder.assetcatalog; path = Assets.xcassets; sourceTree = "<group>"; };
		1E533AD61CA4E7BB00FE2500 /* Base */ = {isa = PBXFileReference; lastKnownFileType = file.storyboard; name = Base; path = Base.lproj/LaunchScreen.storyboard; sourceTree = "<group>"; };
		1E533AD81CA4E7BB00FE2500 /* Info.plist */ = {isa = PBXFileReference; lastKnownFileType = text.plist.xml; path = Info.plist; sourceTree = "<group>"; };
		1E533ADD1CA4E7BB00FE2500 /* gameTestTests.xctest */ = {isa = PBXFileReference; explicitFileType = wrapper.cfbundle; includeInIndex = 0; path = gameTestTests.xctest; sourceTree = BUILT_PRODUCTS_DIR; };
		1E533AE11CA4E7BB00FE2500 /* gameTestTests.swift */ = {isa = PBXFileReference; lastKnownFileType = sourcecode.swift; path = gameTestTests.swift; sourceTree = "<group>"; };
		1E533AE31CA4E7BB00FE2500 /* Info.plist */ = {isa = PBXFileReference; lastKnownFileType = text.plist.xml; path = Info.plist; sourceTree = "<group>"; };
		1E533AE81CA4E7BB00FE2500 /* gameTestUITests.xctest */ = {isa = PBXFileReference; explicitFileType = wrapper.cfbundle; includeInIndex = 0; path = gameTestUITests.xctest; sourceTree = BUILT_PRODUCTS_DIR; };
		1E533AEC1CA4E7BB00FE2500 /* gameTestUITests.swift */ = {isa = PBXFileReference; lastKnownFileType = sourcecode.swift; path = gameTestUITests.swift; sourceTree = "<group>"; };
		1E533AEE1CA4E7BB00FE2500 /* Info.plist */ = {isa = PBXFileReference; lastKnownFileType = text.plist.xml; path = Info.plist; sourceTree = "<group>"; };
		1EE4EB5F1CA92983006A81BD /* error.mp3 */ = {isa = PBXFileReference; lastKnownFileType = audio.mp3; path = error.mp3; sourceTree = "<group>"; };
		1EE4EB601CA92983006A81BD /* remove.mp3 */ = {isa = PBXFileReference; lastKnownFileType = audio.mp3; path = remove.mp3; sourceTree = "<group>"; };
		1EE4EB611CA92983006A81BD /* touch.mp3 */ = {isa = PBXFileReference; lastKnownFileType = audio.mp3; path = touch.mp3; sourceTree = "<group>"; };
/* End PBXFileReference section */

/* Begin PBXFrameworksBuildPhase section */
		1E533AC61CA4E7BA00FE2500 /* Frameworks */ = {
			isa = PBXFrameworksBuildPhase;
			buildActionMask = 2147483647;
			files = (
			);
			runOnlyForDeploymentPostprocessing = 0;
		};
		1E533ADA1CA4E7BB00FE2500 /* Frameworks */ = {
			isa = PBXFrameworksBuildPhase;
			buildActionMask = 2147483647;
			files = (
			);
			runOnlyForDeploymentPostprocessing = 0;
		};
		1E533AE51CA4E7BB00FE2500 /* Frameworks */ = {
			isa = PBXFrameworksBuildPhase;
			buildActionMask = 2147483647;
			files = (
			);
			runOnlyForDeploymentPostprocessing = 0;
		};
/* End PBXFrameworksBuildPhase section */

/* Begin PBXGroup section */
		1E39CACB1CAA722200041AE6 /* sounds */ = {
			isa = PBXGroup;
			children = (
				1EE4EB5F1CA92983006A81BD /* error.mp3 */,
				1EE4EB601CA92983006A81BD /* remove.mp3 */,
				1EE4EB611CA92983006A81BD /* touch.mp3 */,
				1E39CAC11CAA62C800041AE6 /* success.mp3 */,
				1E39CAC21CAA62C800041AE6 /* clock.mp3 */,
				1E39CAC31CAA62C800041AE6 /* GO.mp3 */,
				1E39CAC41CAA62C800041AE6 /* BGMusic.mp3 */,
				1E39CAC91CAA633200041AE6 /* lose.mp3 */,
			);
			name = sounds;
			sourceTree = "<group>";
		};
		1E533AC01CA4E7BA00FE2500 = {
			isa = PBXGroup;
			children = (
				1E533ACB1CA4E7BA00FE2500 /* gameTest */,
				1E533AE01CA4E7BB00FE2500 /* gameTestTests */,
				1E533AEB1CA4E7BB00FE2500 /* gameTestUITests */,
				1E533ACA1CA4E7BA00FE2500 /* Products */,
			);
			sourceTree = "<group>";
		};
		1E533ACA1CA4E7BA00FE2500 /* Products */ = {
			isa = PBXGroup;
			children = (
				1E533AC91CA4E7BA00FE2500 /* gameTest.app */,
				1E533ADD1CA4E7BB00FE2500 /* gameTestTests.xctest */,
				1E533AE81CA4E7BB00FE2500 /* gameTestUITests.xctest */,
			);
			name = Products;
			sourceTree = "<group>";
		};
		1E533ACB1CA4E7BA00FE2500 /* gameTest */ = {
			isa = PBXGroup;
			children = (
				1E533ACC1CA4E7BB00FE2500 /* AppDelegate.swift */,
				1E533ACE1CA4E7BB00FE2500 /* ViewController.swift */,
				1E39CACB1CAA722200041AE6 /* sounds */,
				1E533AD01CA4E7BB00FE2500 /* Main.storyboard */,
				1E533AD31CA4E7BB00FE2500 /* Assets.xcassets */,
				1E533AD51CA4E7BB00FE2500 /* LaunchScreen.storyboard */,
				1E533AD81CA4E7BB00FE2500 /* Info.plist */,
			);
			path = gameTest;
			sourceTree = "<group>";
		};
		1E533AE01CA4E7BB00FE2500 /* gameTestTests */ = {
			isa = PBXGroup;
			children = (
				1E533AE11CA4E7BB00FE2500 /* gameTestTests.swift */,
				1E533AE31CA4E7BB00FE2500 /* Info.plist */,
			);
			path = gameTestTests;
			sourceTree = "<group>";
		};
		1E533AEB1CA4E7BB00FE2500 /* gameTestUITests */ = {
			isa = PBXGroup;
			children = (
				1E533AEC1CA4E7BB00FE2500 /* gameTestUITests.swift */,
				1E533AEE1CA4E7BB00FE2500 /* Info.plist */,
			);
			path = gameTestUITests;
			sourceTree = "<group>";
		};
/* End PBXGroup section */

/* Begin PBXNativeTarget section */
		1E533AC81CA4E7BA00FE2500 /* gameTest */ = {
			isa = PBXNativeTarget;
			buildConfigurationList = 1E533AF11CA4E7BB00FE2500 /* Build configuration list for PBXNativeTarget "gameTest" */;
			buildPhases = (
				1E533AC51CA4E7BA00FE2500 /* Sources */,
				1E533AC61CA4E7BA00FE2500 /* Frameworks */,
				1E533AC71CA4E7BA00FE2500 /* Resources */,
			);
			buildRules = (
			);
			dependencies = (
			);
			name = gameTest;
			productName = gameTest;
			productReference = 1E533AC91CA4E7BA00FE2500 /* gameTest.app */;
			productType = "com.apple.product-type.application";
		};
		1E533ADC1CA4E7BB00FE2500 /* gameTestTests */ = {
			isa = PBXNativeTarget;
			buildConfigurationList = 1E533AF41CA4E7BB00FE2500 /* Build configuration list for PBXNativeTarget "gameTestTests" */;
			buildPhases = (
				1E533AD91CA4E7BB00FE2500 /* Sources */,
				1E533ADA1CA4E7BB00FE2500 /* Frameworks */,
				1E533ADB1CA4E7BB00FE2500 /* Resources */,
			);
			buildRules = (
			);
			dependencies = (
				1E533ADF1CA4E7BB00FE2500 /* PBXTargetDependency */,
			);
			name = gameTestTests;
			productName = gameTestTests;
			productReference = 1E533ADD1CA4E7BB00FE2500 /* gameTestTests.xctest */;
			productType = "com.apple.product-type.bundle.unit-test";
		};
		1E533AE71CA4E7BB00FE2500 /* gameTestUITests */ = {
			isa = PBXNativeTarget;
			buildConfigurationList = 1E533AF71CA4E7BB00FE2500 /* Build configuration list for PBXNativeTarget "gameTestUITests" */;
			buildPhases = (
				1E533AE41CA4E7BB00FE2500 /* Sources */,
				1E533AE51CA4E7BB00FE2500 /* Frameworks */,
				1E533AE61CA4E7BB00FE2500 /* Resources */,
			);
			buildRules = (
			);
			dependencies = (
				1E533AEA1CA4E7BB00FE2500 /* PBXTargetDependency */,
			);
			name = gameTestUITests;
			productName = gameTestUITests;
			productReference = 1E533AE81CA4E7BB00FE2500 /* gameTestUITests.xctest */;
			productType = "com.apple.product-type.bundle.ui-testing";
		};
/* End PBXNativeTarget section */

/* Begin PBXProject section */
		1E533AC11CA4E7BA00FE2500 /* Project object */ = {
			isa = PBXProject;
			attributes = {
				LastSwiftUpdateCheck = 0730;
				LastUpgradeCheck = 0730;
				ORGANIZATIONNAME = Aigo;
				TargetAttributes = {
					1E533AC81CA4E7BA00FE2500 = {
						CreatedOnToolsVersion = 7.3;
						DevelopmentTeam = PUV62NU2GC;
					};
					1E533ADC1CA4E7BB00FE2500 = {
						CreatedOnToolsVersion = 7.3;
						TestTargetID = 1E533AC81CA4E7BA00FE2500;
					};
					1E533AE71CA4E7BB00FE2500 = {
						CreatedOnToolsVersion = 7.3;
						TestTargetID = 1E533AC81CA4E7BA00FE2500;
					};
				};
			};
			buildConfigurationList = 1E533AC41CA4E7BA00FE2500 /* Build configuration list for PBXProject "gameTest" */;
			compatibilityVersion = "Xcode 3.2";
			developmentRegion = English;
			hasScannedForEncodings = 0;
			knownRegions = (
				en,
				Base,
			);
			mainGroup = 1E533AC01CA4E7BA00FE2500;
			productRefGroup = 1E533ACA1CA4E7BA00FE2500 /* Products */;
			projectDirPath = "";
			projectRoot = "";
			targets = (
				1E533AC81CA4E7BA00FE2500 /* gameTest */,
				1E533ADC1CA4E7BB00FE2500 /* gameTestTests */,
				1E533AE71CA4E7BB00FE2500 /* gameTestUITests */,
			);
		};
/* End PBXProject section */

/* Begin PBXResourcesBuildPhase section */
		1E533AC71CA4E7BA00FE2500 /* Resources */ = {
			isa = PBXResourcesBuildPhase;
			buildActionMask = 2147483647;
			files = (
				1E533AD71CA4E7BB00FE2500 /* LaunchScreen.storyboard in Resources */,
				1EE4EB621CA92983006A81BD /* error.mp3 in Resources */,
				1EE4EB641CA92983006A81BD /* touch.mp3 in Resources */,
				1E39CAC61CAA62C800041AE6 /* clock.mp3 in Resources */,
				1E533AD41CA4E7BB00FE2500 /* Assets.xcassets in Resources */,
				1E39CAC51CAA62C800041AE6 /* success.mp3 in Resources */,
				1E533AD21CA4E7BB00FE2500 /* Main.storyboard in Resources */,
				1EE4EB631CA92983006A81BD /* remove.mp3 in Resources */,
				1E39CAC71CAA62C800041AE6 /* GO.mp3 in Resources */,
				1E39CAC81CAA62C800041AE6 /* BGMusic.mp3 in Resources */,
				1E39CACA1CAA633200041AE6 /* lose.mp3 in Resources */,
			);
			runOnlyForDeploymentPostprocessing = 0;
		};
		1E533ADB1CA4E7BB00FE2500 /* Resources */ = {
			isa = PBXResourcesBuildPhase;
			buildActionMask = 2147483647;
			files = (
			);
			runOnlyForDeploymentPostprocessing = 0;
		};
		1E533AE61CA4E7BB00FE2500 /* Resources */ = {
			isa = PBXResourcesBuildPhase;
			buildActionMask = 2147483647;
			files = (
			);
			runOnlyForDeploymentPostprocessing = 0;
		};
/* End PBXResourcesBuildPhase section */

/* Begin PBXSourcesBuildPhase section */
		1E533AC51CA4E7BA00FE2500 /* Sources */ = {
			isa = PBXSourcesBuildPhase;
			buildActionMask = 2147483647;
			files = (
				1E533ACF1CA4E7BB00FE2500 /* ViewController.swift in Sources */,
				1E533ACD1CA4E7BB00FE2500 /* AppDelegate.swift in Sources */,
			);
			runOnlyForDeploymentPostprocessing = 0;
		};
		1E533AD91CA4E7BB00FE2500 /* Sources */ = {
			isa = PBXSourcesBuildPhase;
			buildActionMask = 2147483647;
			files = (
				1E533AE21CA4E7BB00FE2500 /* gameTestTests.swift in Sources */,
			);
			runOnlyForDeploymentPostprocessing = 0;
		};
		1E533AE41CA4E7BB00FE2500 /* Sources */ = {
			isa = PBXSourcesBuildPhase;
			buildActionMask = 2147483647;
			files = (
				1E533AED1CA4E7BB00FE2500 /* gameTestUITests.swift in Sources */,
			);
			runOnlyForDeploymentPostprocessing = 0;
		};
/* End PBXSourcesBuildPhase section */

/* Begin PBXTargetDependency section */
		1E533ADF1CA4E7BB00FE2500 /* PBXTargetDependency */ = {
			isa = PBXTargetDependency;
			target = 1E533AC81CA4E7BA00FE2500 /* gameTest */;
			targetProxy = 1E533ADE1CA4E7BB00FE2500 /* PBXContainerItemProxy */;
		};
		1E533AEA1CA4E7BB00FE2500 /* PBXTargetDependency */ = {
			isa = PBXTargetDependency;
			target = 1E533AC81CA4E7BA00FE2500 /* gameTest */;
			targetProxy = 1E533AE91CA4E7BB00FE2500 /* PBXContainerItemProxy */;
		};
/* End PBXTargetDependency section */

/* Begin PBXVariantGroup section */
		1E533AD01CA4E7BB00FE2500 /* Main.storyboard */ = {
			isa = PBXVariantGroup;
			children = (
				1E533AD11CA4E7BB00FE2500 /* Base */,
			);
			name = Main.storyboard;
			sourceTree = "<group>";
		};
		1E533AD51CA4E7BB00FE2500 /* LaunchScreen.storyboard */ = {
			isa = PBXVariantGroup;
			children = (
				1E533AD61CA4E7BB00FE2500 /* Base */,
			);
			name = LaunchScreen.storyboard;
			sourceTree = "<group>";
		};
/* End PBXVariantGroup section */

/* Begin XCBuildConfiguration section */
		1E533AEF1CA4E7BB00FE2500 /* Debug */ = {
			isa = XCBuildConfiguration;
			buildSettings = {
				ALWAYS_SEARCH_USER_PATHS = NO;
				CLANG_ANALYZER_NONNULL = YES;
				CLANG_CXX_LANGUAGE_STANDARD = "gnu++0x";
				CLANG_CXX_LIBRARY = "libc++";
				CLANG_ENABLE_MODULES = YES;
				CLANG_ENABLE_OBJC_ARC = YES;
				CLANG_WARN_BOOL_CONVERSION = YES;
				CLANG_WARN_CONSTANT_CONVERSION = YES;
				CLANG_WARN_DIRECT_OBJC_ISA_USAGE = YES_ERROR;
				CLANG_WARN_EMPTY_BODY = YES;
				CLANG_WARN_ENUM_CONVERSION = YES;
				CLANG_WARN_INT_CONVERSION = YES;
				CLANG_WARN_OBJC_ROOT_CLASS = YES_ERROR;
				CLANG_WARN_UNREACHABLE_CODE = YES;
				CLANG_WARN__DUPLICATE_METHOD_MATCH = YES;
				"CODE_SIGN_IDENTITY[sdk=iphoneos*]" = "iPhone Developer";
				COPY_PHASE_STRIP = NO;
				DEBUG_INFORMATION_FORMAT = dwarf;
				ENABLE_STRICT_OBJC_MSGSEND = YES;
				ENABLE_TESTABILITY = YES;
				GCC_C_LANGUAGE_STANDARD = gnu99;
				GCC_DYNAMIC_NO_PIC = NO;
				GCC_NO_COMMON_BLOCKS = YES;
				GCC_OPTIMIZATION_LEVEL = 0;
				GCC_PREPROCESSOR_DEFINITIONS = (
					"DEBUG=1",
					"$(inherited)",
				);
				GCC_WARN_64_TO_32_BIT_CONVERSION = YES;
				GCC_WARN_ABOUT_RETURN_TYPE = YES_ERROR;
				GCC_WARN_UNDECLARED_SELECTOR = YES;
				GCC_WARN_UNINITIALIZED_AUTOS = YES_AGGRESSIVE;
				GCC_WARN_UNUSED_FUNCTION = YES;
				GCC_WARN_UNUSED_VARIABLE = YES;
				IPHONEOS_DEPLOYMENT_TARGET = 9.3;
				MTL_ENABLE_DEBUG_INFO = YES;
				ONLY_ACTIVE_ARCH = YES;
				SDKROOT = iphoneos;
				SWIFT_OPTIMIZATION_LEVEL = "-Onone";
			};
			name = Debug;
		};
		1E533AF01CA4E7BB00FE2500 /* Release */ = {
			isa = XCBuildConfiguration;
			buildSettings = {
				ALWAYS_SEARCH_USER_PATHS = NO;
				CLANG_ANALYZER_NONNULL = YES;
				CLANG_CXX_LANGUAGE_STANDARD = "gnu++0x";
				CLANG_CXX_LIBRARY = "libc++";
				CLANG_ENABLE_MODULES = YES;
				CLANG_ENABLE_OBJC_ARC = YES;
				CLANG_WARN_BOOL_CONVERSION = YES;
				CLANG_WARN_CONSTANT_CONVERSION = YES;
				CLANG_WARN_DIRECT_OBJC_ISA_USAGE = YES_ERROR;
				CLANG_WARN_EMPTY_BODY = YES;
				CLANG_WARN_ENUM_CONVERSION = YES;
				CLANG_WARN_INT_CONVERSION = YES;
				CLANG_WARN_OBJC_ROOT_CLASS = YES_ERROR;
				CLANG_WARN_UNREACHABLE_CODE = YES;
				CLANG_WARN__DUPLICATE_METHOD_MATCH = YES;
				"CODE_SIGN_IDENTITY[sdk=iphoneos*]" = "iPhone Developer";
				COPY_PHASE_STRIP = NO;
				DEBUG_INFORMATION_FORMAT = "dwarf-with-dsym";
				ENABLE_NS_ASSERTIONS = NO;
				ENABLE_STRICT_OBJC_MSGSEND = YES;
				GCC_C_LANGUAGE_STANDARD = gnu99;
				GCC_NO_COMMON_BLOCKS = YES;
				GCC_WARN_64_TO_32_BIT_CONVERSION = YES;
				GCC_WARN_ABOUT_RETURN_TYPE = YES_ERROR;
				GCC_WARN_UNDECLARED_SELECTOR = YES;
				GCC_WARN_UNINITIALIZED_AUTOS = YES_AGGRESSIVE;
				GCC_WARN_UNUSED_FUNCTION = YES;
				GCC_WARN_UNUSED_VARIABLE = YES;
				IPHONEOS_DEPLOYMENT_TARGET = 9.3;
				MTL_ENABLE_DEBUG_INFO = NO;
				SDKROOT = iphoneos;
				VALIDATE_PRODUCT = YES;
			};
			name = Release;
		};
		1E533AF21CA4E7BB00FE2500 /* Debug */ = {
			isa = XCBuildConfiguration;
			buildSettings = {
				ASSETCATALOG_COMPILER_APPICON_NAME = AppIcon;
				ASSETCATALOG_COMPILER_LAUNCHIMAGE_NAME = LaunchImage;
				CODE_SIGN_IDENTITY = "iPhone Developer";
				"CODE_SIGN_IDENTITY[sdk=iphoneos*]" = "iPhone Developer";
				INFOPLIST_FILE = gameTest/Info.plist;
				IPHONEOS_DEPLOYMENT_TARGET = 8.0;
				LD_RUNPATH_SEARCH_PATHS = "$(inherited) @executable_path/Frameworks";
				PRODUCT_BUNDLE_IDENTIFIER = comGameTest;
				PRODUCT_NAME = "$(TARGET_NAME)";
				PROVISIONING_PROFILE = "";
			};
			name = Debug;
		};
		1E533AF31CA4E7BB00FE2500 /* Release */ = {
			isa = XCBuildConfiguration;
			buildSettings = {
				ASSETCATALOG_COMPILER_APPICON_NAME = AppIcon;
				ASSETCATALOG_COMPILER_LAUNCHIMAGE_NAME = LaunchImage;
				CODE_SIGN_IDENTITY = "iPhone Developer";
				"CODE_SIGN_IDENTITY[sdk=iphoneos*]" = "iPhone Developer";
				INFOPLIST_FILE = gameTest/Info.plist;
				IPHONEOS_DEPLOYMENT_TARGET = 8.0;
				LD_RUNPATH_SEARCH_PATHS = "$(inherited) @executable_path/Frameworks";
				PRODUCT_BUNDLE_IDENTIFIER = comGameTest;
				PRODUCT_NAME = "$(TARGET_NAME)";
				PROVISIONING_PROFILE = "";
			};
			name = Release;
		};
		1E533AF51CA4E7BB00FE2500 /* Debug */ = {
			isa = XCBuildConfiguration;
			buildSettings = {
				BUNDLE_LOADER = "$(TEST_HOST)";
				INFOPLIST_FILE = gameTestTests/Info.plist;
				LD_RUNPATH_SEARCH_PATHS = "$(inherited) @executable_path/Frameworks @loader_path/Frameworks";
				PRODUCT_BUNDLE_IDENTIFIER = comGameTest.gameTestTests;
				PRODUCT_NAME = "$(TARGET_NAME)";
				TEST_HOST = "$(BUILT_PRODUCTS_DIR)/gameTest.app/gameTest";
			};
			name = Debug;
		};
		1E533AF61CA4E7BB00FE2500 /* Release */ = {
			isa = XCBuildConfiguration;
			buildSettings = {
				BUNDLE_LOADER = "$(TEST_HOST)";
				INFOPLIST_FILE = gameTestTests/Info.plist;
				LD_RUNPATH_SEARCH_PATHS = "$(inherited) @executable_path/Frameworks @loader_path/Frameworks";
				PRODUCT_BUNDLE_IDENTIFIER = comGameTest.gameTestTests;
				PRODUCT_NAME = "$(TARGET_NAME)";
				TEST_HOST = "$(BUILT_PRODUCTS_DIR)/gameTest.app/gameTest";
			};
			name = Release;
		};
		1E533AF81CA4E7BB00FE2500 /* Debug */ = {
			isa = XCBuildConfiguration;
			buildSettings = {
				INFOPLIST_FILE = gameTestUITests/Info.plist;
				LD_RUNPATH_SEARCH_PATHS = "$(inherited) @executable_path/Frameworks @loader_path/Frameworks";
				PRODUCT_BUNDLE_IDENTIFIER = comGameTest.gameTestUITests;
				PRODUCT_NAME = "$(TARGET_NAME)";
				TEST_TARGET_NAME = gameTest;
			};
			name = Debug;
		};
		1E533AF91CA4E7BB00FE2500 /* Release */ = {
			isa = XCBuildConfiguration;
			buildSettings = {
				INFOPLIST_FILE = gameTestUITests/Info.plist;
				LD_RUNPATH_SEARCH_PATHS = "$(inherited) @executable_path/Frameworks @loader_path/Frameworks";
				PRODUCT_BUNDLE_IDENTIFIER = comGameTest.gameTestUITests;
				PRODUCT_NAME = "$(TARGET_NAME)";
				TEST_TARGET_NAME = gameTest;
			};
			name = Release;
		};
/* End XCBuildConfiguration section */

/* Begin XCConfigurationList section */
		1E533AC41CA4E7BA00FE2500 /* Build configuration list for PBXProject "gameTest" */ = {
			isa = XCConfigurationList;
			buildConfigurations = (
				1E533AEF1CA4E7BB00FE2500 /* Debug */,
				1E533AF01CA4E7BB00FE2500 /* Release */,
			);
			defaultConfigurationIsVisible = 0;
			defaultConfigurationName = Release;
		};
		1E533AF11CA4E7BB00FE2500 /* Build configuration list for PBXNativeTarget "gameTest" */ = {
			isa = XCConfigurationList;
			buildConfigurations = (
				1E533AF21CA4E7BB00FE2500 /* Debug */,
				1E533AF31CA4E7BB00FE2500 /* Release */,
			);
			defaultConfigurationIsVisible = 0;
			defaultConfigurationName = Release;
		};
		1E533AF41CA4E7BB00FE2500 /* Build configuration list for PBXNativeTarget "gameTestTests" */ = {
			isa = XCConfigurationList;
			buildConfigurations = (
				1E533AF51CA4E7BB00FE2500 /* Debug */,
				1E533AF61CA4E7BB00FE2500 /* Release */,
			);
			defaultConfigurationIsVisible = 0;
			defaultConfigurationName = Release;
		};
		1E533AF71CA4E7BB00FE2500 /* Build configuration list for PBXNativeTarget "gameTestUITests" */ = {
			isa = XCConfigurationList;
			buildConfigurations = (
				1E533AF81CA4E7BB00FE2500 /* Debug */,
				1E533AF91CA4E7BB00FE2500 /* Release */,
			);
			defaultConfigurationIsVisible = 0;
			defaultConfigurationName = Release;
		};
/* End XCConfigurationList section */
	};
	rootObject = 1E533AC11CA4E7BA00FE2500 /* Project object */;
}
